{
  "version": 4,
  "terraform_version": "1.9.6",
  "serial": 6,
  "lineage": "fa0da19e-6594-cff8-b380-74dcd6daa98c",
  "outputs": {
    "bucket_name": {
      "value": "internet-truck-stop-tf-state",
      "type": "string"
    },
    "bucket_url": {
      "value": "https://console.cloud.google.com/storage/browser/internet-truck-stop-tf-state",
      "type": "string"
    }
  },
  "resources": [
    {
      "mode": "managed",
      "type": "google_container_cluster",
      "name": "primary",
      "provider": "provider[\"registry.terraform.io/hashicorp/google\"]",
      "instances": [
        {
          "schema_version": 2,
          "attributes": {
            "addons_config": [
              {
                "cloudrun_config": [],
                "config_connector_config": [],
                "dns_cache_config": [],
                "gce_persistent_disk_csi_driver_config": [
                  {
                    "enabled": true
                  }
                ],
                "gcp_filestore_csi_driver_config": [],
                "gcs_fuse_csi_driver_config": [],
                "gke_backup_agent_config": [],
                "horizontal_pod_autoscaling": [],
                "http_load_balancing": [],
                "network_policy_config": [
                  {
                    "disabled": true
                  }
                ],
                "ray_operator_config": [],
                "stateful_ha_config": []
              }
            ],
            "allow_net_admin": null,
            "authenticator_groups_config": [],
            "binary_authorization": [
              {
                "enabled": false,
                "evaluation_mode": ""
              }
            ],
            "cluster_autoscaling": [
              {
                "auto_provisioning_defaults": [],
                "auto_provisioning_locations": [],
                "autoscaling_profile": "BALANCED",
                "enabled": false,
                "resource_limits": []
              }
            ],
            "cluster_ipv4_cidr": "10.16.0.0/14",
            "confidential_nodes": [],
            "cost_management_config": [],
            "database_encryption": [
              {
                "key_name": "",
                "state": "DECRYPTED"
              }
            ],
            "datapath_provider": "",
            "default_max_pods_per_node": 110,
            "default_snat_status": [
              {
                "disabled": false
              }
            ],
            "deletion_protection": true,
            "description": "",
            "dns_config": [],
            "enable_autopilot": false,
            "enable_cilium_clusterwide_network_policy": false,
            "enable_intranode_visibility": false,
            "enable_k8s_beta_apis": [],
            "enable_kubernetes_alpha": false,
            "enable_l4_ilb_subsetting": false,
            "enable_legacy_abac": false,
            "enable_multi_networking": false,
            "enable_shielded_nodes": true,
            "enable_tpu": false,
            "endpoint": "34.46.160.106",
            "fleet": [],
            "gateway_api_config": [],
            "id": "projects/internet-truck-stop/locations/us-central1/clusters/internet-truck-stop-cluster",
            "identity_service_config": [],
            "initial_node_count": 1,
            "ip_allocation_policy": [
              {
                "additional_pod_ranges_config": [],
                "cluster_ipv4_cidr_block": "10.16.0.0/14",
                "cluster_secondary_range_name": "gke-internet-truck-stop-cluster-pods-700528a4",
                "pod_cidr_overprovision_config": [
                  {
                    "disabled": false
                  }
                ],
                "services_ipv4_cidr_block": "34.118.224.0/20",
                "services_secondary_range_name": "",
                "stack_type": "IPV4"
              }
            ],
            "label_fingerprint": "a9dc16a7",
            "location": "us-central1",
            "logging_config": [
              {
                "enable_components": [
                  "SYSTEM_COMPONENTS",
                  "WORKLOADS"
                ]
              }
            ],
            "logging_service": "logging.googleapis.com/kubernetes",
            "maintenance_policy": [],
            "master_auth": [
              {
                "client_certificate": "",
                "client_certificate_config": [
                  {
                    "issue_client_certificate": false
                  }
                ],
                "client_key": "",
                "cluster_ca_certificate": "LS0tLS1CRUdJTiBDRVJUSUZJQ0FURS0tLS0tCk1JSUVMVENDQXBXZ0F3SUJBZ0lSQVBzcExsVG9UVVR5azZqVjZ2ZkV4SEl3RFFZSktvWklodmNOQVFFTEJRQXcKTHpFdE1Dc0dBMVVFQXhNa05Ea3hZV0l3Tm1FdE1UZGxNUzAwTVRrMExXSm1NRFF0WVRObVpUZGhNR0U0WmpZNQpNQ0FYRFRJMU1EZ3dNVEl3TVRBek9Gb1lEekl3TlRVd056STFNakV4TURNNFdqQXZNUzB3S3dZRFZRUURFeVEwCk9URmhZakEyWVMweE4yVXhMVFF4T1RRdFltWXdOQzFoTTJabE4yRXdZVGhtTmprd2dnR2lNQTBHQ1NxR1NJYjMKRFFFQkFRVUFBNElCandBd2dnR0tBb0lCZ1FEWkRNVGd3OTJiTDRuQ2hJSGtacklWT0ZmbDlFTk1LWmxWclM2TgplWHZGU1RyMGRqRlc1bDFGU1Z2QVlWZ2Zhc2Q5d1k0TDhGM0JJK2taWjZlc3BEQ2g5cFJ1aWt0V1lhSGxmTW5XCkNuUFdmaHF4YmlxTjJCZXFiK2N6SXpVbnUvajdpZWtTY0dhVkdOeUVFdXZwUS95aC82Y2ZPSVZ0VUs4N21TY0QKcXNpNzI5djlUZGV4OG92b2lWRlgrbE45SGxCSzlwNTIyRlh2R2hYR04zSDRHSFJ6MUUxWjhLMlVXVXhwaDVNcAorTFhtRnA3MjVsazhCWWcwaytkc2JsZ0lwU1ZGYkdCZHlmdGV0a0tNU1gxci9NRzE4VG9OS3h0WCtXYnJ2ZWo1CmZwekh5WDVJczRjL0ZCZDh4MThZSWFSZ2REc1kzSnBhclA3S1o2WHlSM0NIcHFzTktJNzhRdHM3QWNtYkpaTW4KMXNYNzNJakZlZWs2bm5GMWZXZ3JxU3RaSFAxdHdscDZUOUdsNGxYTXkwUEM3T3o2VTlNZlhXQ04zZXZOWUlSbQpQK1lpNHNuK1V1dnUrb085bTRMdnE1YzNDck5Dd1QwNXBKYWovalhYcXpiVmRZNXlTZ1UxSyt1YnJvU3pWYStqCk9qeTFIZEN5STVGYnVTbi8rT0l4UjFGVmxFVUNBd0VBQWFOQ01FQXdEZ1lEVlIwUEFRSC9CQVFEQWdJRU1BOEcKQTFVZEV3RUIvd1FGTUFNQkFmOHdIUVlEVlIwT0JCWUVGUHZlM3Z6RGFndDNBbk82bzJFWkE3TjFhWmljTUEwRwpDU3FHU0liM0RRRUJDd1VBQTRJQmdRQ1BweXJ2RmRWL0pzdDh0d1Mrc3FsTUZFd0F3d2pua2VEZnNQbWQxSHQ3CnVsWVd1SVZUS2pzYlV0VzFBMTIyMTZuR1Q2cUNRZndOUG9ZNTNtU1BFUDZWWGhKM1NpYkx0MWFkNjBTb2dNZlAKd1N2RmhQUm9LZXNjM21EalR1YTBmU0c3MHBwdVNZbXJ1ZEF4REh3Z2xQUCs0YmpPOUh3SnIvY2FRNkhiS0ZOTgpYeUhsekZQZFpTZ0tpOHNLSlAxTFo1OE5ZQWR0VnpxV2VNc1pCVm1lekRYZVJ3UE1BSm5XU2NNR2FHV2FqSTBUCkZ2amlvOUUvdU9Rd2VTY0VGeGFibEVtc1dhbUp1REZueEIwU2F1ZHQxNmxVNDE4aGlSRG5lbTkvZm5ieXRnaFoKYzN1b2hWVldGYkp0b0hSRU1IRVN5QkFoNnM1cE9xNFRUb0lqV0t5cjZoRlVZSlExUTNhdW56emx6VHZQM0phSQpnOVE1SHlZbERhYy9xS041VmdPNGlpMmtubE1XVmhkQzNRdlpQaVhYZjVOWit1UlpHSlBPdGdqcXBWcFlybDZ1CjBRN292L0dQcVh5ZzM2UEFwQ1pBYW5HUzJXVGJvL0VkeXdjZGpsUmZISWs3QUlkTmFpUWEyYUNnQ1RNUzBobjcKV0I5MUhxS2lKSnk4UGFvQzVsT0pxTVU9Ci0tLS0tRU5EIENFUlRJRklDQVRFLS0tLS0K"
              }
            ],
            "master_authorized_networks_config": [],
            "master_version": "1.33.2-gke.1111000",
            "mesh_certificates": [],
            "min_master_version": null,
            "monitoring_config": [
              {
                "advanced_datapath_observability_config": [
                  {
                    "enable_metrics": false,
                    "enable_relay": false,
                    "relay_mode": "DISABLED"
                  }
                ],
                "enable_components": [
                  "SYSTEM_COMPONENTS",
                  "DAEMONSET",
                  "DEPLOYMENT",
                  "STATEFULSET",
                  "JOBSET",
                  "STORAGE",
                  "HPA",
                  "POD",
                  "KUBELET",
                  "CADVISOR",
                  "DCGM"
                ],
                "managed_prometheus": [
                  {
                    "enabled": true
                  }
                ]
              }
            ],
            "monitoring_service": "monitoring.googleapis.com/kubernetes",
            "name": "internet-truck-stop-cluster",
            "network": "projects/internet-truck-stop/global/networks/default",
            "network_policy": [
              {
                "enabled": false,
                "provider": "PROVIDER_UNSPECIFIED"
              }
            ],
            "networking_mode": "VPC_NATIVE",
            "node_config": [],
            "node_locations": [
              "us-central1-a",
              "us-central1-b",
              "us-central1-c"
            ],
            "node_pool": [],
            "node_pool_auto_config": [
              {
                "network_tags": [],
                "node_kubelet_config": [
                  {
                    "insecure_kubelet_readonly_port_enabled": "FALSE"
                  }
                ],
                "resource_manager_tags": {}
              }
            ],
            "node_pool_defaults": [
              {
                "node_config_defaults": [
                  {
                    "containerd_config": [],
                    "insecure_kubelet_readonly_port_enabled": "FALSE",
                    "logging_variant": "DEFAULT"
                  }
                ]
              }
            ],
            "node_version": "1.33.2-gke.1111000",
            "notification_config": [
              {
                "pubsub": [
                  {
                    "enabled": false,
                    "filter": [],
                    "topic": ""
                  }
                ]
              }
            ],
            "operation": null,
            "private_cluster_config": [
              {
                "enable_private_endpoint": false,
                "enable_private_nodes": false,
                "master_global_access_config": [
                  {
                    "enabled": false
                  }
                ],
                "master_ipv4_cidr_block": "",
                "peering_name": "",
                "private_endpoint": "10.128.0.2",
                "private_endpoint_subnetwork": "",
                "public_endpoint": "34.46.160.106"
              }
            ],
            "private_ipv6_google_access": "",
            "project": "internet-truck-stop",
            "release_channel": [
              {
                "channel": "REGULAR"
              }
            ],
            "remove_default_node_pool": true,
            "resource_labels": null,
            "resource_usage_export_config": [],
            "security_posture_config": [
              {
                "mode": "BASIC",
                "vulnerability_mode": "VULNERABILITY_MODE_UNSPECIFIED"
              }
            ],
            "self_link": "https://container.googleapis.com/v1/projects/internet-truck-stop/locations/us-central1/clusters/internet-truck-stop-cluster",
            "service_external_ips_config": [
              {
                "enabled": false
              }
            ],
            "services_ipv4_cidr": "34.118.224.0/20",
            "subnetwork": "projects/internet-truck-stop/regions/us-central1/subnetworks/default",
            "timeouts": null,
            "tpu_ipv4_cidr_block": "",
            "vertical_pod_autoscaling": [],
            "workload_identity_config": []
          },
          "sensitive_attributes": [
            [
              {
                "type": "get_attr",
                "value": "master_auth"
              },
              {
                "type": "index",
                "value": {
                  "value": 0,
                  "type": "number"
                }
              },
              {
                "type": "get_attr",
                "value": "client_key"
              }
            ]
          ],
          "private": "eyJlMmJmYjczMC1lY2FhLTExZTYtOGY4OC0zNDM2M2JjN2M0YzAiOnsiY3JlYXRlIjoyNDAwMDAwMDAwMDAwLCJkZWxldGUiOjI0MDAwMDAwMDAwMDAsInJlYWQiOjI0MDAwMDAwMDAwMDAsInVwZGF0ZSI6MzYwMDAwMDAwMDAwMH0sInNjaGVtYV92ZXJzaW9uIjoiMiJ9"
        }
      ]
    },
    {
      "mode": "managed",
      "type": "google_container_node_pool",
      "name": "primary_nodes",
      "provider": "provider[\"registry.terraform.io/hashicorp/google\"]",
      "instances": [
        {
          "status": "tainted",
          "schema_version": 1,
          "attributes": {
            "autoscaling": [],
            "cluster": "internet-truck-stop-cluster",
            "id": "projects/internet-truck-stop/locations/us-central1/clusters/internet-truck-stop-cluster/nodePools/primary-node-pool",
            "initial_node_count": null,
            "instance_group_urls": null,
            "location": "us-central1",
            "managed_instance_group_urls": null,
            "management": null,
            "max_pods_per_node": null,
            "name": "primary-node-pool",
            "name_prefix": null,
            "network_config": null,
            "node_config": [
              {
                "advanced_machine_features": [],
                "boot_disk_kms_key": "",
                "confidential_nodes": [],
                "containerd_config": [],
                "disk_size_gb": 0,
                "disk_type": "",
                "effective_taints": [],
                "enable_confidential_storage": false,
                "ephemeral_storage_local_ssd_config": [],
                "fast_socket": [],
                "gcfs_config": [],
                "guest_accelerator": [],
                "gvnic": [],
                "host_maintenance_policy": [],
                "image_type": "",
                "kubelet_config": [],
                "labels": {},
                "linux_node_config": [],
                "local_nvme_ssd_block_config": [],
                "local_ssd_count": 0,
                "logging_variant": "",
                "machine_type": "e2-medium",
                "metadata": {},
                "min_cpu_platform": "",
                "node_group": "",
                "oauth_scopes": [
                  "https://www.googleapis.com/auth/cloud-platform"
                ],
                "preemptible": false,
                "reservation_affinity": [],
                "resource_labels": null,
                "resource_manager_tags": null,
                "secondary_boot_disks": [],
                "service_account": "",
                "shielded_instance_config": [],
                "sole_tenant_config": [],
                "spot": false,
                "tags": null,
                "taint": [],
                "workload_metadata_config": []
              }
            ],
            "node_count": 2,
            "node_locations": [],
            "operation": null,
            "placement_policy": [],
            "project": "internet-truck-stop",
            "queued_provisioning": [],
            "timeouts": null,
            "upgrade_settings": null,
            "version": null
          },
          "sensitive_attributes": [],
          "private": "eyJlMmJmYjczMC1lY2FhLTExZTYtOGY4OC0zNDM2M2JjN2M0YzAiOnsiY3JlYXRlIjoxODAwMDAwMDAwMDAwLCJkZWxldGUiOjE4MDAwMDAwMDAwMDAsInVwZGF0ZSI6MTgwMDAwMDAwMDAwMH0sInNjaGVtYV92ZXJzaW9uIjoiMSJ9",
          "dependencies": [
            "google_container_cluster.primary"
          ]
        }
      ]
    },
    {
      "mode": "managed",
      "type": "google_storage_bucket",
      "name": "terraform_state",
      "provider": "provider[\"registry.terraform.io/hashicorp/google\"]",
      "instances": [
        {
          "schema_version": 2,
          "attributes": {
            "autoclass": [],
            "cors": [],
            "custom_placement_config": [],
            "default_event_based_hold": false,
            "effective_labels": {},
            "enable_object_retention": false,
            "encryption": [],
            "force_destroy": true,
            "id": "internet-truck-stop-tf-state",
            "labels": {},
            "lifecycle_rule": [],
            "location": "US",
            "logging": [],
            "name": "internet-truck-stop-tf-state",
            "project": "internet-truck-stop",
            "project_number": 790723159,
            "public_access_prevention": "inherited",
            "requester_pays": false,
            "retention_policy": [],
            "rpo": "DEFAULT",
            "self_link": "https://www.googleapis.com/storage/v1/b/internet-truck-stop-tf-state",
            "soft_delete_policy": [
              {
                "effective_time": "2025-08-01T21:05:06.414Z",
                "retention_duration_seconds": 604800
              }
            ],
            "storage_class": "STANDARD",
            "terraform_labels": {},
            "timeouts": null,
            "uniform_bucket_level_access": true,
            "url": "gs://internet-truck-stop-tf-state",
            "versioning": [
              {
                "enabled": true
              }
            ],
            "website": []
          },
          "sensitive_attributes": [],
          "private": "eyJlMmJmYjczMC1lY2FhLTExZTYtOGY4OC0zNDM2M2JjN2M0YzAiOnsiY3JlYXRlIjo2MDAwMDAwMDAwMDAsInJlYWQiOjI0MDAwMDAwMDAwMCwidXBkYXRlIjoyNDAwMDAwMDAwMDB9LCJzY2hlbWFfdmVyc2lvbiI6IjIifQ=="
        }
      ]
    }
  ],
  "check_results": null
}
